
Microsoft Visual Studio Solution File, Format Version 12.00
# Visual Studio 14
VisualStudioVersion = 14.0.25420.1
MinimumVisualStudioVersion = 10.0.40219.1
Project("{FAE04EC0-301F-11D3-BF4B-00C04F79EFBC}") = "NuGatherer", "tasks\NuGatherer\NuGatherer.csproj", "{D1BAB41D-EAD9-4FC4-95D3-B95469B03663}"
EndProject
Project("{FAE04EC0-301F-11D3-BF4B-00C04F79EFBC}") = "NuGatherer.Tests", "tasks\NuGatherer.Tests\NuGatherer.Tests.csproj", "{D70F5A4D-BF5C-47CA-9750-4DFF66CB70F6}"
EndProject
Global
	GlobalSection(SolutionConfigurationPlatforms) = preSolution
		Debug|Any CPU = Debug|Any CPU
		Release|Any CPU = Release|Any CPU
	EndGlobalSection
	GlobalSection(ProjectConfigurationPlatforms) = postSolution
		{D1BAB41D-EAD9-4FC4-95D3-B95469B03663}.Debug|Any CPU.ActiveCfg = Debug|Any CPU
		{D1BAB41D-EAD9-4FC4-95D3-B95469B03663}.Debug|Any CPU.Build.0 = Debug|Any CPU
		{D1BAB41D-EAD9-4FC4-95D3-B95469B03663}.Release|Any CPU.ActiveCfg = Release|Any CPU
		{D1BAB41D-EAD9-4FC4-95D3-B95469B03663}.Release|Any CPU.Build.0 = Release|Any CPU
		{D70F5A4D-BF5C-47CA-9750-4DFF66CB70F6}.Debug|Any CPU.ActiveCfg = Debug|Any CPU
		{D70F5A4D-BF5C-47CA-9750-4DFF66CB70F6}.Debug|Any CPU.Build.0 = Debug|Any CPU
		{D70F5A4D-BF5C-47CA-9750-4DFF66CB70F6}.Release|Any CPU.ActiveCfg = Release|Any CPU
		{D70F5A4D-BF5C-47CA-9750-4DFF66CB70F6}.Release|Any CPU.Build.0 = Release|Any CPU
	EndGlobalSection
	GlobalSection(SolutionProperties) = preSolution
		HideSolutionNode = FALSE
	EndGlobalSection
EndGlobal
